
Microsoft Visual Studio Solution File, Format Version 12.00
# Visual Studio Version 16
VisualStudioVersion = 16.0.30225.117
MinimumVisualStudioVersion = 10.0.40219.1
Project("{FAE04EC0-301F-11D3-BF4B-00C04F79EFBC}") = "CMS", "CMS.csproj", "{E1606D44-F448-42B3-95F5-A8977B102256}"
EndProject
Global
	GlobalSection(SolutionConfigurationPlatforms) = preSolution
		Debug|Any CPU = Debug|Any CPU
		Release|Any CPU = Release|Any CPU
	EndGlobalSection
	GlobalSection(ProjectConfigurationPlatforms) = postSolution
		{E1606D44-F448-42B3-95F5-A8977B102256}.Debug|Any CPU.ActiveCfg = Debug|Any CPU
		{E1606D44-F448-42B3-95F5-A8977B102256}.Debug|Any CPU.Build.0 = Debug|Any CPU
		{E1606D44-F448-42B3-95F5-A8977B102256}.Release|Any CPU.ActiveCfg = Release|Any CPU
		{E1606D44-F448-42B3-95F5-A8977B102256}.Release|Any CPU.Build.0 = Release|Any CPU
	EndGlobalSection
	GlobalSection(SolutionProperties) = preSolution
		HideSolutionNode = FALSE
	EndGlobalSection
	GlobalSection(ExtensibilityGlobals) = postSolution
		SolutionGuid = {75C4665F-14D5-4A68-BE3D-DA5D8FC13951}
	EndGlobalSection
EndGlobal
